
Microsoft Visual Studio Solution File, Format Version 12.00
# Visual Studio Version 16
VisualStudioVersion = 16.0.31605.320
MinimumVisualStudioVersion = 10.0.40219.1
Project("{8BC9CEB8-8B4A-11D0-8D11-00A0C91BC942}") = "3D_Terrain", "3D_Terrain.vcxproj", "{057E1C3B-ACF5-4DFB-A2FA-53EC46E90763}"
EndProject
Project("{54435603-DBB4-11D2-8724-00A0C9A8B90C}") = "terrain_setup", "..\terrain_setup\terrain_setup.vdproj", "{284C2059-1813-47E4-B136-7860D732483B}"
EndProject
Global
	GlobalSection(SolutionConfigurationPlatforms) = preSolution
		Debug|x64 = Debug|x64
		Debug|x86 = Debug|x86
		Release|x64 = Release|x64
		Release|x86 = Release|x86
	EndGlobalSection
	GlobalSection(ProjectConfigurationPlatforms) = postSolution
		{057E1C3B-ACF5-4DFB-A2FA-53EC46E90763}.Debug|x64.ActiveCfg = Debug|x64
		{057E1C3B-ACF5-4DFB-A2FA-53EC46E90763}.Debug|x64.Build.0 = Debug|x64
		{057E1C3B-ACF5-4DFB-A2FA-53EC46E90763}.Debug|x86.ActiveCfg = Debug|Win32
		{057E1C3B-ACF5-4DFB-A2FA-53EC46E90763}.Debug|x86.Build.0 = Debug|Win32
		{057E1C3B-ACF5-4DFB-A2FA-53EC46E90763}.Release|x64.ActiveCfg = Release|x64
		{057E1C3B-ACF5-4DFB-A2FA-53EC46E90763}.Release|x64.Build.0 = Release|x64
		{057E1C3B-ACF5-4DFB-A2FA-53EC46E90763}.Release|x86.ActiveCfg = Release|Win32
		{057E1C3B-ACF5-4DFB-A2FA-53EC46E90763}.Release|x86.Build.0 = Release|Win32
		{284C2059-1813-47E4-B136-7860D732483B}.Debug|x64.ActiveCfg = Debug
		{284C2059-1813-47E4-B136-7860D732483B}.Debug|x86.ActiveCfg = Debug
		{284C2059-1813-47E4-B136-7860D732483B}.Release|x64.ActiveCfg = Release
		{284C2059-1813-47E4-B136-7860D732483B}.Release|x86.ActiveCfg = Release
	EndGlobalSection
	GlobalSection(SolutionProperties) = preSolution
		HideSolutionNode = FALSE
	EndGlobalSection
	GlobalSection(ExtensibilityGlobals) = postSolution
		SolutionGuid = {C74408CF-831B-44FA-B5ED-F22C41776414}
	EndGlobalSection
EndGlobal
